# Generated by scripts/lock.sh from requirements.txt for Python 3.13.
# Do not edit by hand.
aiohappyeyeballs==2.7.1
aiohttp-fast-zlib==0.3.0
aiohttp==3.14.3
aiolimiter==1.2.1
aiosignal==1.4.0
anyio==4.15.1
apscheduler==3.11.3
attrs==26.1.0
ccxt==4.5.77
certifi==2026.6.17
cffi==2.0.0
charset-normalizer==3.4.7
coincurve==21.0.0
cryptography==50.0.1
frozenlist==1.8.0
h11==0.16.0
httpcore==1.0.9
httpx==0.28.1
idna==3.18
multidict==6.7.1
orjson==3.11.9
propcache==0.5.2
pycparser==3.0
python-telegram-bot==22.8
requests==2.34.2
sentry-sdk==2.68.1
stripe==15.6.1
typing_extensions==4.16.0
tzlocal==5.4.4
urllib3==2.7.0
uvloop==0.22.1
yarl==1.24.5
zlib-ng==1.0.0
